[[package]]
name = "jieba"
version = "0.42.1"
summary = "Chinese Words Segmentation Utilities"

[[package]]
name = "numpy"
version = "1.22.3"
requires_python = ">=3.8"
summary = "NumPy is the fundamental package for array computing with Python."

[[package]]
name = "plum-dispatch"
version = "1.6"
requires_python = ">=3.7"
summary = "Multiple dispatch in Python"

[metadata]
lock_version = "3.1"
content_hash = "sha256:cd4fac3eb70170ed0a2fe980278929f61093445c204c58c72f73e77bf5f194e1"

[metadata.files]
"jieba 0.42.1" = [
    {file = "jieba-0.42.1.tar.gz", hash = "sha256:055ca12f62674fafed09427f176506079bc135638a14e23e25be909131928db2"},
]
"numpy 1.22.3" = [
    {file = "numpy-1.22.3-cp310-cp310-macosx_10_14_x86_64.whl", hash = "sha256:92bfa69cfbdf7dfc3040978ad09a48091143cffb778ec3b03fa170c494118d75"},
    {file = "numpy-1.22.3-cp310-cp310-macosx_11_0_arm64.whl", hash = "sha256:8251ed96f38b47b4295b1ae51631de7ffa8260b5b087808ef09a39a9d66c97ab"},
    {file = "numpy-1.22.3-cp310-cp310-manylinux_2_17_aarch64.manylinux2014_aarch64.whl", hash = "sha256:48a3aecd3b997bf452a2dedb11f4e79bc5bfd21a1d4cc760e703c31d57c84b3e"},
    {file = "numpy-1.22.3-cp310-cp310-manylinux_2_17_x86_64.manylinux2014_x86_64.whl", hash = "sha256:a3bae1a2ed00e90b3ba5f7bd0a7c7999b55d609e0c54ceb2b076a25e345fa9f4"},
    {file = "numpy-1.22.3-cp310-cp310-win32.whl", hash = "sha256:f950f8845b480cffe522913d35567e29dd381b0dc7e4ce6a4a9f9156417d2430"},
    {file = "numpy-1.22.3-cp310-cp310-win_amd64.whl", hash = "sha256:08d9b008d0156c70dc392bb3ab3abb6e7a711383c3247b410b39962263576cd4"},
    {file = "numpy-1.22.3-cp38-cp38-macosx_10_14_x86_64.whl", hash = "sha256:201b4d0552831f7250a08d3b38de0d989d6f6e4658b709a02a73c524ccc6ffce"},
    {file = "numpy-1.22.3-cp38-cp38-macosx_11_0_arm64.whl", hash = "sha256:f8c1f39caad2c896bc0018f699882b345b2a63708008be29b1f355ebf6f933fe"},
    {file = "numpy-1.22.3-cp38-cp38-manylinux_2_17_aarch64.manylinux2014_aarch64.whl", hash = "sha256:568dfd16224abddafb1cbcce2ff14f522abe037268514dd7e42c6776a1c3f8e5"},
    {file = "numpy-1.22.3-cp38-cp38-manylinux_2_17_x86_64.manylinux2014_x86_64.whl", hash = "sha256:3ca688e1b9b95d80250bca34b11a05e389b1420d00e87a0d12dc45f131f704a1"},
    {file = "numpy-1.22.3-cp38-cp38-win32.whl", hash = "sha256:e7927a589df200c5e23c57970bafbd0cd322459aa7b1ff73b7c2e84d6e3eae62"},
    {file = "numpy-1.22.3-cp38-cp38-win_amd64.whl", hash = "sha256:07a8c89a04997625236c5ecb7afe35a02af3896c8aa01890a849913a2309c676"},
    {file = "numpy-1.22.3-cp39-cp39-macosx_10_14_x86_64.whl", hash = "sha256:2c10a93606e0b4b95c9b04b77dc349b398fdfbda382d2a39ba5a822f669a0123"},
    {file = "numpy-1.22.3-cp39-cp39-macosx_11_0_arm64.whl", hash = "sha256:fade0d4f4d292b6f39951b6836d7a3c7ef5b2347f3c420cd9820a1d90d794802"},
    {file = "numpy-1.22.3-cp39-cp39-manylinux_2_17_aarch64.manylinux2014_aarch64.whl", hash = "sha256:5bfb1bb598e8229c2d5d48db1860bcf4311337864ea3efdbe1171fb0c5da515d"},
    {file = "numpy-1.22.3-cp39-cp39-manylinux_2_17_x86_64.manylinux2014_x86_64.whl", hash = "sha256:97098b95aa4e418529099c26558eeb8486e66bd1e53a6b606d684d0c3616b168"},
    {file = "numpy-1.22.3-cp39-cp39-win32.whl", hash = "sha256:fdf3c08bce27132395d3c3ba1503cac12e17282358cb4bddc25cc46b0aca07aa"},
    {file = "numpy-1.22.3-cp39-cp39-win_amd64.whl", hash = "sha256:639b54cdf6aa4f82fe37ebf70401bbb74b8508fddcf4797f9fe59615b8c5813a"},
    {file = "numpy-1.22.3-pp38-pypy38_pp73-manylinux_2_17_x86_64.manylinux2014_x86_64.whl", hash = "sha256:c34ea7e9d13a70bf2ab64a2532fe149a9aced424cd05a2c4ba662fd989e3e45f"},
    {file = "numpy-1.22.3.zip", hash = "sha256:dbc7601a3b7472d559dc7b933b18b4b66f9aa7452c120e87dfb33d02008c8a18"},
]
"plum-dispatch 1.6" = [
    {file = "plum_dispatch-1.6-cp310-cp310-macosx_10_9_x86_64.whl", hash = "sha256:b5436e7e6f81582af3d589e151afbaf0881298ddc3dde0492f94f0ce74176c72"},
    {file = "plum_dispatch-1.6-cp310-cp310-macosx_11_0_arm64.whl", hash = "sha256:263842eead4fd393a852d7b013b11224be9d9091252374a664408054fd222dd1"},
    {file = "plum_dispatch-1.6-cp310-cp310-manylinux_2_5_i686.manylinux1_i686.manylinux_2_12_i686.manylinux2010_i686.whl", hash = "sha256:a993db7fe1e37dee34aa5377ee60f9eafe60ebe0b9fb8085c62b47bc115f511f"},
    {file = "plum_dispatch-1.6-cp310-cp310-manylinux_2_5_x86_64.manylinux1_x86_64.manylinux_2_12_x86_64.manylinux2010_x86_64.whl", hash = "sha256:6c0e968cf41e8110c8da0d02aa6b83736dd518372dd0a097f5a5c924f23c742d"},
    {file = "plum_dispatch-1.6-cp310-cp310-musllinux_1_1_i686.whl", hash = "sha256:b30a86b0ec214f409bcc271dd55db02aa3cb87d423c04285037afe4bdd630786"},
    {file = "plum_dispatch-1.6-cp310-cp310-musllinux_1_1_x86_64.whl", hash = "sha256:c9b1384952b7ac6ada44e5e2c5364c17f40f620a89a760bc1c8aacf428bbb62b"},
    {file = "plum_dispatch-1.6-cp310-cp310-win32.whl", hash = "sha256:075121bd418d065cf078e00d236e9201dcb22a285766db4a6de2eda1fb03a08a"},
    {file = "plum_dispatch-1.6-cp310-cp310-win_amd64.whl", hash = "sha256:409468ee9f79f23543d47fb72b0b0f0863f9eded9dd7433f9f59a501aa08052b"},
    {file = "plum_dispatch-1.6-cp37-cp37m-macosx_10_9_x86_64.whl", hash = "sha256:b8b2187a753eb07d39122d613329f62258ffa81e77323942a990fa5648d30190"},
    {file = "plum_dispatch-1.6-cp37-cp37m-manylinux_2_5_i686.manylinux1_i686.manylinux_2_12_i686.manylinux2010_i686.whl", hash = "sha256:22d8a24dd5a075b487f3f1b49224cb84afefb612d18ab992c411f086a62fcbb4"},
    {file = "plum_dispatch-1.6-cp37-cp37m-manylinux_2_5_x86_64.manylinux1_x86_64.manylinux_2_12_x86_64.manylinux2010_x86_64.whl", hash = "sha256:e28e0bdeffb07fbb89e0afac1af3864a92dd1d5b16fac5c6e8b137880310f9f7"},
    {file = "plum_dispatch-1.6-cp37-cp37m-musllinux_1_1_i686.whl", hash = "sha256:07171398ce613388bfca48ea7ac3b4a310ab53aad9203fc251056087e421e676"},
    {file = "plum_dispatch-1.6-cp37-cp37m-musllinux_1_1_x86_64.whl", hash = "sha256:2884c48d8602118a44363e7dec67c54f56e1ae57d54f5225ddbce9d3eee77d02"},
    {file = "plum_dispatch-1.6-cp37-cp37m-win32.whl", hash = "sha256:85bd98a40debd1906ac1f9f13f90d354ae6e78a57117ac8cd72cbcc06a4f00b3"},
    {file = "plum_dispatch-1.6-cp37-cp37m-win_amd64.whl", hash = "sha256:1de9151bc7ac394a82aec7f2ef25a2190144400479e8f26782eb9e3bbb064adb"},
    {file = "plum_dispatch-1.6-cp38-cp38-macosx_10_9_x86_64.whl", hash = "sha256:e937b595e55f4a84b20c291690fb9b70888aa8212d6f2d9b89c5adf67177fcbc"},
    {file = "plum_dispatch-1.6-cp38-cp38-macosx_11_0_arm64.whl", hash = "sha256:443ad592cff96dd7f568cacdfd880c33621164292cfe1832bdbae4bed2ed2288"},
    {file = "plum_dispatch-1.6-cp38-cp38-manylinux_2_5_i686.manylinux1_i686.manylinux_2_12_i686.manylinux2010_i686.whl", hash = "sha256:0d2b391f363ee45f9fc4b089add1050e6bc837eea6fe81b9b4dc5ef16e526d7b"},
    {file = "plum_dispatch-1.6-cp38-cp38-manylinux_2_5_x86_64.manylinux1_x86_64.manylinux_2_12_x86_64.manylinux2010_x86_64.whl", hash = "sha256:2076ce617f23296d92e5e50d5c2fde8bf20d4a18ed368a87bfe8646cfe8896cc"},
    {file = "plum_dispatch-1.6-cp38-cp38-musllinux_1_1_i686.whl", hash = "sha256:f1f354b678f74cb70ff857a674ebb1115e7e5e05741acb01415e211964c95ad1"},
    {file = "plum_dispatch-1.6-cp38-cp38-musllinux_1_1_x86_64.whl", hash = "sha256:1f48ce8594414cf5f3745747e6b36a61713af1b45c44a1de8365f4c58707584f"},
    {file = "plum_dispatch-1.6-cp38-cp38-win32.whl", hash = "sha256:a2a0d6785736fab810210d221b847f4ec6a23c26dd1d0085f1116691d0cf24c1"},
    {file = "plum_dispatch-1.6-cp38-cp38-win_amd64.whl", hash = "sha256:9b17f188e28339f970e743c43a9a32d5c796d5530d4be4d3170acf10264fbed0"},
    {file = "plum_dispatch-1.6-cp39-cp39-macosx_10_9_x86_64.whl", hash = "sha256:846beac8deb4cfaa7ec79552e7a12c532d1d57b78aa77a65d85a488fa7575b36"},
    {file = "plum_dispatch-1.6-cp39-cp39-macosx_11_0_arm64.whl", hash = "sha256:88d5fcd66fe0c1c549fcca093a8e24407660905688b9af48ee4cd605859e4d36"},
    {file = "plum_dispatch-1.6-cp39-cp39-manylinux_2_5_i686.manylinux1_i686.manylinux_2_12_i686.manylinux2010_i686.whl", hash = "sha256:c730f751125a3889e9c389ab9320d34d16831ff332aa66cf7d636d178d12ee46"},
    {file = "plum_dispatch-1.6-cp39-cp39-manylinux_2_5_x86_64.manylinux1_x86_64.manylinux_2_12_x86_64.manylinux2010_x86_64.whl", hash = "sha256:1d2f90c9b82e74151fadd482952d9f19bdd818643b1585ed0b7601e54ecac5ab"},
    {file = "plum_dispatch-1.6-cp39-cp39-musllinux_1_1_i686.whl", hash = "sha256:9ba066fbf30f04b5e6137be2326461521a0248c04479e81537d7e1e554913fc0"},
    {file = "plum_dispatch-1.6-cp39-cp39-musllinux_1_1_x86_64.whl", hash = "sha256:143a9381f716e571c442da74cbb543d9112641a15a9f9b0cb09218945da770ca"},
    {file = "plum_dispatch-1.6-cp39-cp39-win32.whl", hash = "sha256:672758e0bbd5658f11e04d78e7a1c61096ba33d6e8a8e066c776877b13ce5eab"},
    {file = "plum_dispatch-1.6-cp39-cp39-win_amd64.whl", hash = "sha256:7704f493f3163b43fbee13746319c2e32f2c8bec3f3a4d69c8e90ead0ab94a3c"},
    {file = "plum_dispatch-1.6-pp37-pypy37_pp73-macosx_10_9_x86_64.whl", hash = "sha256:11235d2c4839e9050d46f4db6078605af56aedc3e16b22a50e61f0f02d01efc6"},
    {file = "plum_dispatch-1.6-pp37-pypy37_pp73-manylinux_2_5_i686.manylinux1_i686.manylinux_2_12_i686.manylinux2010_i686.whl", hash = "sha256:2b19f490fa3aedfcec2688b3fbcf4d5cf462c85afd964a6ab69c1e2ca1c0f6bf"},
    {file = "plum_dispatch-1.6-pp37-pypy37_pp73-manylinux_2_5_x86_64.manylinux1_x86_64.manylinux_2_12_x86_64.manylinux2010_x86_64.whl", hash = "sha256:872706516131e6405885b13db9bf9ed689409b6a978f00edde483d5f8e9ffd96"},
    {file = "plum_dispatch-1.6-pp37-pypy37_pp73-win_amd64.whl", hash = "sha256:fefc535255346e1c228b540c5c55276564071737b097627f878f5a4d22e0d951"},
    {file = "plum-dispatch-1.6.tar.gz", hash = "sha256:eaf186401ebadc4ee6761e57e968d6e71ad3419706bfda2e04fa48581bedaa19"},
]
