[[package]]
name = "numpy"
version = "1.22.4"
requires_python = ">=3.8"
summary = "NumPy is the fundamental package for array computing with Python."

[[package]]
name = "plum-dispatch"
version = "1.6"
requires_python = ">=3.7"
summary = "Multiple dispatch in Python"

[metadata]
lock_version = "3.1"
content_hash = "sha256:f3c08ae871788d6de1ca3c88c860175c57fb22fc5eaff2ca2a6c03e159649b4b"

[metadata.files]
"numpy 1.22.4" = [
    {file = "numpy-1.22.4-cp310-cp310-macosx_10_14_x86_64.whl", hash = "sha256:ba9ead61dfb5d971d77b6c131a9dbee62294a932bf6a356e48c75ae684e635b3"},
    {file = "numpy-1.22.4-cp310-cp310-macosx_10_15_x86_64.whl", hash = "sha256:1ce7ab2053e36c0a71e7a13a7475bd3b1f54750b4b433adc96313e127b870887"},
    {file = "numpy-1.22.4-cp310-cp310-macosx_11_0_arm64.whl", hash = "sha256:7228ad13744f63575b3a972d7ee4fd61815b2879998e70930d4ccf9ec721dce0"},
    {file = "numpy-1.22.4-cp310-cp310-manylinux_2_17_aarch64.manylinux2014_aarch64.whl", hash = "sha256:43a8ca7391b626b4c4fe20aefe79fec683279e31e7c79716863b4b25021e0e74"},
    {file = "numpy-1.22.4-cp310-cp310-manylinux_2_17_x86_64.manylinux2014_x86_64.whl", hash = "sha256:a911e317e8c826ea632205e63ed8507e0dc877dcdc49744584dfc363df9ca08c"},
    {file = "numpy-1.22.4-cp310-cp310-win32.whl", hash = "sha256:9ce7df0abeabe7fbd8ccbf343dc0db72f68549856b863ae3dd580255d009648e"},
    {file = "numpy-1.22.4-cp310-cp310-win_amd64.whl", hash = "sha256:3e1ffa4748168e1cc8d3cde93f006fe92b5421396221a02f2274aab6ac83b077"},
    {file = "numpy-1.22.4-cp38-cp38-macosx_10_15_x86_64.whl", hash = "sha256:59d55e634968b8f77d3fd674a3cf0b96e85147cd6556ec64ade018f27e9479e1"},
    {file = "numpy-1.22.4-cp38-cp38-macosx_11_0_arm64.whl", hash = "sha256:c1d937820db6e43bec43e8d016b9b3165dcb42892ea9f106c70fb13d430ffe72"},
    {file = "numpy-1.22.4-cp38-cp38-manylinux_2_17_aarch64.manylinux2014_aarch64.whl", hash = "sha256:d4c5d5eb2ec8da0b4f50c9a843393971f31f1d60be87e0fb0917a49133d257d6"},
    {file = "numpy-1.22.4-cp38-cp38-manylinux_2_17_x86_64.manylinux2014_x86_64.whl", hash = "sha256:64f56fc53a2d18b1924abd15745e30d82a5782b2cab3429aceecc6875bd5add0"},
    {file = "numpy-1.22.4-cp38-cp38-win32.whl", hash = "sha256:fb7a980c81dd932381f8228a426df8aeb70d59bbcda2af075b627bbc50207cba"},
    {file = "numpy-1.22.4-cp38-cp38-win_amd64.whl", hash = "sha256:e96d7f3096a36c8754207ab89d4b3282ba7b49ea140e4973591852c77d09eb76"},
    {file = "numpy-1.22.4-cp39-cp39-macosx_10_14_x86_64.whl", hash = "sha256:4c6036521f11a731ce0648f10c18ae66d7143865f19f7299943c985cdc95afb5"},
    {file = "numpy-1.22.4-cp39-cp39-macosx_10_15_x86_64.whl", hash = "sha256:b89bf9b94b3d624e7bb480344e91f68c1c6c75f026ed6755955117de00917a7c"},
    {file = "numpy-1.22.4-cp39-cp39-macosx_11_0_arm64.whl", hash = "sha256:2d487e06ecbf1dc2f18e7efce82ded4f705f4bd0cd02677ffccfb39e5c284c7e"},
    {file = "numpy-1.22.4-cp39-cp39-manylinux_2_17_aarch64.manylinux2014_aarch64.whl", hash = "sha256:f3eb268dbd5cfaffd9448113539e44e2dd1c5ca9ce25576f7c04a5453edc26fa"},
    {file = "numpy-1.22.4-cp39-cp39-manylinux_2_17_x86_64.manylinux2014_x86_64.whl", hash = "sha256:37431a77ceb9307c28382c9773da9f306435135fae6b80b62a11c53cfedd8802"},
    {file = "numpy-1.22.4-cp39-cp39-win32.whl", hash = "sha256:cc7f00008eb7d3f2489fca6f334ec19ca63e31371be28fd5dad955b16ec285bd"},
    {file = "numpy-1.22.4-cp39-cp39-win_amd64.whl", hash = "sha256:f0725df166cf4785c0bc4cbfb320203182b1ecd30fee6e541c8752a92df6aa32"},
    {file = "numpy-1.22.4-pp38-pypy38_pp73-manylinux_2_17_x86_64.manylinux2014_x86_64.whl", hash = "sha256:0791fbd1e43bf74b3502133207e378901272f3c156c4df4954cad833b1380207"},
    {file = "numpy-1.22.4.zip", hash = "sha256:425b390e4619f58d8526b3dcf656dde069133ae5c240229821f01b5f44ea07af"},
]
"plum-dispatch 1.6" = [
    {file = "plum_dispatch-1.6-cp310-cp310-macosx_10_9_x86_64.whl", hash = "sha256:b5436e7e6f81582af3d589e151afbaf0881298ddc3dde0492f94f0ce74176c72"},
    {file = "plum_dispatch-1.6-cp310-cp310-macosx_11_0_arm64.whl", hash = "sha256:263842eead4fd393a852d7b013b11224be9d9091252374a664408054fd222dd1"},
    {file = "plum_dispatch-1.6-cp310-cp310-manylinux_2_5_i686.manylinux1_i686.manylinux_2_12_i686.manylinux2010_i686.whl", hash = "sha256:a993db7fe1e37dee34aa5377ee60f9eafe60ebe0b9fb8085c62b47bc115f511f"},
    {file = "plum_dispatch-1.6-cp310-cp310-manylinux_2_5_x86_64.manylinux1_x86_64.manylinux_2_12_x86_64.manylinux2010_x86_64.whl", hash = "sha256:6c0e968cf41e8110c8da0d02aa6b83736dd518372dd0a097f5a5c924f23c742d"},
    {file = "plum_dispatch-1.6-cp310-cp310-musllinux_1_1_i686.whl", hash = "sha256:b30a86b0ec214f409bcc271dd55db02aa3cb87d423c04285037afe4bdd630786"},
    {file = "plum_dispatch-1.6-cp310-cp310-musllinux_1_1_x86_64.whl", hash = "sha256:c9b1384952b7ac6ada44e5e2c5364c17f40f620a89a760bc1c8aacf428bbb62b"},
    {file = "plum_dispatch-1.6-cp310-cp310-win32.whl", hash = "sha256:075121bd418d065cf078e00d236e9201dcb22a285766db4a6de2eda1fb03a08a"},
    {file = "plum_dispatch-1.6-cp310-cp310-win_amd64.whl", hash = "sha256:409468ee9f79f23543d47fb72b0b0f0863f9eded9dd7433f9f59a501aa08052b"},
    {file = "plum_dispatch-1.6-cp37-cp37m-macosx_10_9_x86_64.whl", hash = "sha256:b8b2187a753eb07d39122d613329f62258ffa81e77323942a990fa5648d30190"},
    {file = "plum_dispatch-1.6-cp37-cp37m-manylinux_2_5_i686.manylinux1_i686.manylinux_2_12_i686.manylinux2010_i686.whl", hash = "sha256:22d8a24dd5a075b487f3f1b49224cb84afefb612d18ab992c411f086a62fcbb4"},
    {file = "plum_dispatch-1.6-cp37-cp37m-manylinux_2_5_x86_64.manylinux1_x86_64.manylinux_2_12_x86_64.manylinux2010_x86_64.whl", hash = "sha256:e28e0bdeffb07fbb89e0afac1af3864a92dd1d5b16fac5c6e8b137880310f9f7"},
    {file = "plum_dispatch-1.6-cp37-cp37m-musllinux_1_1_i686.whl", hash = "sha256:07171398ce613388bfca48ea7ac3b4a310ab53aad9203fc251056087e421e676"},
    {file = "plum_dispatch-1.6-cp37-cp37m-musllinux_1_1_x86_64.whl", hash = "sha256:2884c48d8602118a44363e7dec67c54f56e1ae57d54f5225ddbce9d3eee77d02"},
    {file = "plum_dispatch-1.6-cp37-cp37m-win32.whl", hash = "sha256:85bd98a40debd1906ac1f9f13f90d354ae6e78a57117ac8cd72cbcc06a4f00b3"},
    {file = "plum_dispatch-1.6-cp37-cp37m-win_amd64.whl", hash = "sha256:1de9151bc7ac394a82aec7f2ef25a2190144400479e8f26782eb9e3bbb064adb"},
    {file = "plum_dispatch-1.6-cp38-cp38-macosx_10_9_x86_64.whl", hash = "sha256:e937b595e55f4a84b20c291690fb9b70888aa8212d6f2d9b89c5adf67177fcbc"},
    {file = "plum_dispatch-1.6-cp38-cp38-macosx_11_0_arm64.whl", hash = "sha256:443ad592cff96dd7f568cacdfd880c33621164292cfe1832bdbae4bed2ed2288"},
    {file = "plum_dispatch-1.6-cp38-cp38-manylinux_2_5_i686.manylinux1_i686.manylinux_2_12_i686.manylinux2010_i686.whl", hash = "sha256:0d2b391f363ee45f9fc4b089add1050e6bc837eea6fe81b9b4dc5ef16e526d7b"},
    {file = "plum_dispatch-1.6-cp38-cp38-manylinux_2_5_x86_64.manylinux1_x86_64.manylinux_2_12_x86_64.manylinux2010_x86_64.whl", hash = "sha256:2076ce617f23296d92e5e50d5c2fde8bf20d4a18ed368a87bfe8646cfe8896cc"},
    {file = "plum_dispatch-1.6-cp38-cp38-musllinux_1_1_i686.whl", hash = "sha256:f1f354b678f74cb70ff857a674ebb1115e7e5e05741acb01415e211964c95ad1"},
    {file = "plum_dispatch-1.6-cp38-cp38-musllinux_1_1_x86_64.whl", hash = "sha256:1f48ce8594414cf5f3745747e6b36a61713af1b45c44a1de8365f4c58707584f"},
    {file = "plum_dispatch-1.6-cp38-cp38-win32.whl", hash = "sha256:a2a0d6785736fab810210d221b847f4ec6a23c26dd1d0085f1116691d0cf24c1"},
    {file = "plum_dispatch-1.6-cp38-cp38-win_amd64.whl", hash = "sha256:9b17f188e28339f970e743c43a9a32d5c796d5530d4be4d3170acf10264fbed0"},
    {file = "plum_dispatch-1.6-cp39-cp39-macosx_10_9_x86_64.whl", hash = "sha256:846beac8deb4cfaa7ec79552e7a12c532d1d57b78aa77a65d85a488fa7575b36"},
    {file = "plum_dispatch-1.6-cp39-cp39-macosx_11_0_arm64.whl", hash = "sha256:88d5fcd66fe0c1c549fcca093a8e24407660905688b9af48ee4cd605859e4d36"},
    {file = "plum_dispatch-1.6-cp39-cp39-manylinux_2_5_i686.manylinux1_i686.manylinux_2_12_i686.manylinux2010_i686.whl", hash = "sha256:c730f751125a3889e9c389ab9320d34d16831ff332aa66cf7d636d178d12ee46"},
    {file = "plum_dispatch-1.6-cp39-cp39-manylinux_2_5_x86_64.manylinux1_x86_64.manylinux_2_12_x86_64.manylinux2010_x86_64.whl", hash = "sha256:1d2f90c9b82e74151fadd482952d9f19bdd818643b1585ed0b7601e54ecac5ab"},
    {file = "plum_dispatch-1.6-cp39-cp39-musllinux_1_1_i686.whl", hash = "sha256:9ba066fbf30f04b5e6137be2326461521a0248c04479e81537d7e1e554913fc0"},
    {file = "plum_dispatch-1.6-cp39-cp39-musllinux_1_1_x86_64.whl", hash = "sha256:143a9381f716e571c442da74cbb543d9112641a15a9f9b0cb09218945da770ca"},
    {file = "plum_dispatch-1.6-cp39-cp39-win32.whl", hash = "sha256:672758e0bbd5658f11e04d78e7a1c61096ba33d6e8a8e066c776877b13ce5eab"},
    {file = "plum_dispatch-1.6-cp39-cp39-win_amd64.whl", hash = "sha256:7704f493f3163b43fbee13746319c2e32f2c8bec3f3a4d69c8e90ead0ab94a3c"},
    {file = "plum_dispatch-1.6-pp37-pypy37_pp73-macosx_10_9_x86_64.whl", hash = "sha256:11235d2c4839e9050d46f4db6078605af56aedc3e16b22a50e61f0f02d01efc6"},
    {file = "plum_dispatch-1.6-pp37-pypy37_pp73-manylinux_2_5_i686.manylinux1_i686.manylinux_2_12_i686.manylinux2010_i686.whl", hash = "sha256:2b19f490fa3aedfcec2688b3fbcf4d5cf462c85afd964a6ab69c1e2ca1c0f6bf"},
    {file = "plum_dispatch-1.6-pp37-pypy37_pp73-manylinux_2_5_x86_64.manylinux1_x86_64.manylinux_2_12_x86_64.manylinux2010_x86_64.whl", hash = "sha256:872706516131e6405885b13db9bf9ed689409b6a978f00edde483d5f8e9ffd96"},
    {file = "plum_dispatch-1.6-pp37-pypy37_pp73-win_amd64.whl", hash = "sha256:fefc535255346e1c228b540c5c55276564071737b097627f878f5a4d22e0d951"},
    {file = "plum-dispatch-1.6.tar.gz", hash = "sha256:eaf186401ebadc4ee6761e57e968d6e71ad3419706bfda2e04fa48581bedaa19"},
]
